
Microsoft Visual Studio Solution File, Format Version 12.00
# Visual Studio 15
VisualStudioVersion = 15.0.27428.2043
MinimumVisualStudioVersion = 10.0.40219.1
Project("{FAE04EC0-301F-11D3-BF4B-00C04F79EFBC}") = "CollezioneLibrary", "CollezioneLibrary\CollezioneLibrary.csproj", "{69D0A8FA-F059-4938-A806-39E640CCA769}"
EndProject
Project("{FAE04EC0-301F-11D3-BF4B-00C04F79EFBC}") = "CollezioneLibrary.Test", "CollezioneLibrary.Test\CollezioneLibrary.Test.csproj", "{4ACD82EA-9486-455B-8B61-313948A98AD1}"
EndProject
Global
	GlobalSection(SolutionConfigurationPlatforms) = preSolution
		Debug|Any CPU = Debug|Any CPU
		Release|Any CPU = Release|Any CPU
	EndGlobalSection
	GlobalSection(ProjectConfigurationPlatforms) = postSolution
		{69D0A8FA-F059-4938-A806-39E640CCA769}.Debug|Any CPU.ActiveCfg = Debug|Any CPU
		{69D0A8FA-F059-4938-A806-39E640CCA769}.Debug|Any CPU.Build.0 = Debug|Any CPU
		{69D0A8FA-F059-4938-A806-39E640CCA769}.Release|Any CPU.ActiveCfg = Release|Any CPU
		{69D0A8FA-F059-4938-A806-39E640CCA769}.Release|Any CPU.Build.0 = Release|Any CPU
		{4ACD82EA-9486-455B-8B61-313948A98AD1}.Debug|Any CPU.ActiveCfg = Debug|Any CPU
		{4ACD82EA-9486-455B-8B61-313948A98AD1}.Debug|Any CPU.Build.0 = Debug|Any CPU
		{4ACD82EA-9486-455B-8B61-313948A98AD1}.Release|Any CPU.ActiveCfg = Release|Any CPU
		{4ACD82EA-9486-455B-8B61-313948A98AD1}.Release|Any CPU.Build.0 = Release|Any CPU
	EndGlobalSection
	GlobalSection(SolutionProperties) = preSolution
		HideSolutionNode = FALSE
	EndGlobalSection
	GlobalSection(ExtensibilityGlobals) = postSolution
		SolutionGuid = {82EAC470-7826-4FC5-B258-B98EBAC77B5F}
	EndGlobalSection
EndGlobal
